
Microsoft Visual Studio Solution File, Format Version 12.00
# Visual Studio Version 16
VisualStudioVersion = 16.0.31424.327
MinimumVisualStudioVersion = 10.0.40219.1
Project("{FAE04EC0-301F-11D3-BF4B-00C04F79EFBC}") = "ModernDesign", "ModernDesign.csproj", "{6B4A4E15-1916-4F43-9E44-1DF4E0CBE145}"
EndProject
Global
	GlobalSection(SolutionConfigurationPlatforms) = preSolution
		Debug|Any CPU = Debug|Any CPU
		Release|Any CPU = Release|Any CPU
	EndGlobalSection
	GlobalSection(ProjectConfigurationPlatforms) = postSolution
		{6B4A4E15-1916-4F43-9E44-1DF4E0CBE145}.Debug|Any CPU.ActiveCfg = Debug|Any CPU
		{6B4A4E15-1916-4F43-9E44-1DF4E0CBE145}.Debug|Any CPU.Build.0 = Debug|Any CPU
		{6B4A4E15-1916-4F43-9E44-1DF4E0CBE145}.Release|Any CPU.ActiveCfg = Release|Any CPU
		{6B4A4E15-1916-4F43-9E44-1DF4E0CBE145}.Release|Any CPU.Build.0 = Release|Any CPU
	EndGlobalSection
	GlobalSection(SolutionProperties) = preSolution
		HideSolutionNode = FALSE
	EndGlobalSection
	GlobalSection(ExtensibilityGlobals) = postSolution
		SolutionGuid = {BE04824D-EA77-4F2D-898D-D1734BD4EDE5}
	EndGlobalSection
EndGlobal
